# This file is autogenerated, do not edit; changes may be undone by the next 'dep ensure'.


[[projects]]
  digest = "1:65b2ccf790a3a41c2c4654a7546b882c932e11c5d2d7af05d5aa1dcea6fda297"
  name = "github.com/AlecAivazis/survey"
  packages = ["."]
  pruneopts = "UT"
  revision = "0aa8b6a162b391fe2d95648b7677d1d6ac2090a6"
  version = "v1.4.1"

[[projects]]
  branch = "master"
  digest = "1:6da51e5ec493ad2b44cb04129e2d0a068c8fb9bd6cb5739d199573558696bb94"
  name = "github.com/Azure/go-ansiterm"
  packages = [
    ".",
    "winterm",
  ]
  pruneopts = "UT"
  revision = "d6e3b3328b783f23731bc4d058875b0371ff8109"

[[projects]]
  branch = "master"
  digest = "1:c716686615541fcebd0e96a47cc21092187f38c964a14277b73c9bb4e52fd1ac"
  name = "github.com/NYTimes/gziphandler"
  packages = ["."]
  pruneopts = "UT"
  revision = "5032c8878b9dd46cfe8c625c0d9b9f258a560ee8"

[[projects]]
  digest = "1:7b5a9a71572ba66376beb658b9309eef17fd8d2b8422fda02e71a395fb4f6dbb"
  name = "github.com/StackExchange/wmi"
  packages = ["."]
  pruneopts = "UT"
  revision = "b12b22c5341f0c26d88c4d66176330500e84db68"

[[projects]]
  branch = "master"
  digest = "1:7d6cea6a2eea999012f372671cd2274b18f8cacc865906d90fe3073afe184886"
  name = "github.com/ash2k/stager"
  packages = [
    ".",
    "wait",
  ]
  pruneopts = "UT"
  revision = "6e9c7b0eacd465286fac042bfb29a170aa8c2c3f"

[[projects]]
  digest = "1:dfedcf3da4db82cc0bcaaaf5e40bd8d3a9f9d6b8c75f042c94183a467fa6a641"
  name = "github.com/atlassian/gostatsd"
  packages = [
    ".",
    "pkg/fakesocket",
    "pkg/pool",
    "pkg/statsd",
    "pkg/statser",
  ]
  pruneopts = "UT"
  revision = "af796620006e1d43fa05a44ec8ad77ed8154d7e1"
  version = "6.1.1"

[[projects]]
  branch = "master"
  digest = "1:5bb36304653e73c2ced864d49c9f344e7141a7ceef852442edcea212094ebc3c"
  name = "github.com/beorn7/perks"
  packages = ["quantile"]
  pruneopts = "UT"
  revision = "4c0e84591b9aa9e6dcfdf3e020114cd81f89d5f9"

[[projects]]
  digest = "1:6bda4e232607261eeaee45b0a0e8a2ef097bd44e8a44d9b7ca1badb36e523891"
  name = "github.com/coreos/bbolt"
  packages = ["."]
  pruneopts = "UT"
  revision = "48ea1b39c25fc1bab3506fbc712ecbaa842c4d2d"

[[projects]]
  digest = "1:8c8cbf17df2e923172f1d439b6df6dab743f38a7f168b7ce2156a82265e2edee"
  name = "github.com/coreos/etcd"
  packages = [
    "alarm",
    "auth",
    "auth/authpb",
    "client",
    "clientv3",
    "clientv3/concurrency",
    "compactor",
    "discovery",
    "embed",
    "error",
    "etcdserver",
    "etcdserver/api",
    "etcdserver/api/etcdhttp",
    "etcdserver/api/v2http",
    "etcdserver/api/v2http/httptypes",
    "etcdserver/api/v2v3",
    "etcdserver/api/v3client",
    "etcdserver/api/v3election",
    "etcdserver/api/v3election/v3electionpb",
    "etcdserver/api/v3election/v3electionpb/gw",
    "etcdserver/api/v3lock",
    "etcdserver/api/v3lock/v3lockpb",
    "etcdserver/api/v3lock/v3lockpb/gw",
    "etcdserver/api/v3rpc",
    "etcdserver/api/v3rpc/rpctypes",
    "etcdserver/auth",
    "etcdserver/etcdserverpb",
    "etcdserver/etcdserverpb/gw",
    "etcdserver/membership",
    "etcdserver/stats",
    "lease",
    "lease/leasehttp",
    "lease/leasepb",
    "mvcc",
    "mvcc/backend",
    "mvcc/mvccpb",
    "pkg/adt",
    "pkg/contention",
    "pkg/cors",
    "pkg/cpuutil",
    "pkg/crc",
    "pkg/debugutil",
    "pkg/fileutil",
    "pkg/httputil",
    "pkg/idutil",
    "pkg/ioutil",
    "pkg/logutil",
    "pkg/netutil",
    "pkg/pathutil",
    "pkg/pbutil",
    "pkg/runtime",
    "pkg/schedule",
    "pkg/srv",
    "pkg/tlsutil",
    "pkg/transport",
    "pkg/types",
    "pkg/wait",
    "proxy/grpcproxy/adapter",
    "raft",
    "raft/raftpb",
    "rafthttp",
    "snap",
    "snap/snappb",
    "store",
    "version",
    "wal",
    "wal/walpb",
  ]
  pruneopts = "UT"
  revision = "c9d46ab3799b7f2174268e75f72d01e6d6aac953"
  version = "v3.3.2"

[[projects]]
  digest = "1:0ef770954bca104ee99b3b6b7f9b240605ac03517d9f98cbc1893daa03f3c038"
  name = "github.com/coreos/go-semver"
  packages = ["semver"]
  pruneopts = "UT"
  revision = "8ab6407b697782a06568d4b7f1db25550ec2e4c6"
  version = "v0.2.0"

[[projects]]
  digest = "1:180c854757df397733738318ce36c4587f87b5f7da41d5ff2f47df88c2b67e60"
  name = "github.com/coreos/go-systemd"
  packages = ["journal"]
  pruneopts = "UT"
  revision = "d2196463941895ee908e13531a23a39feb9e1243"
  version = "v15"

[[projects]]
  digest = "1:d7a9399d485073895541c93b33489851bb05ab942fbb85baf703bb49de7c6f70"
  name = "github.com/coreos/pkg"
  packages = ["capnslog"]
  pruneopts = "UT"
  revision = "3ac0863d7acf3bc44daf49afef8919af12f704ef"
  version = "v3"

[[projects]]
  digest = "1:adb78689f8bf2b19c4b5d982683cd4909801af39512906343dcd0cd909d6cb0d"
  name = "github.com/dave/jennifer"
  packages = ["jen"]
  pruneopts = "UT"
  revision = "d8bdbdbee4e1224e983387908bd8ef2440c2aefc"
  version = "0.15.0"

[[projects]]
  digest = "1:a2c1d0e43bd3baaa071d1b9ed72c27d78169b2b269f71c105ac4ba34b1be4a39"
  name = "github.com/davecgh/go-spew"
  packages = ["spew"]
  pruneopts = "UT"
  revision = "346938d642f2ec3594ed81d874461961cd0faa76"
  version = "v1.1.0"

[[projects]]
  digest = "1:d912bf9afc98bbb6539ea99c9ac3e83119853310dd1a3aec1583d76f340ece27"
  name = "github.com/dgrijalva/jwt-go"
  packages = ["."]
  pruneopts = "UT"
  revision = "d2709f9f1f31ebcda9651b03077758c1f3a0018c"
  version = "v3.0.0"

[[projects]]
  digest = "1:5a9464d972454e9bb1ed81f6742dfdb3ad834ba816c4783fd4e5c975b669f01c"
  name = "github.com/docker/docker"
  packages = [
    "pkg/term",
    "pkg/term/windows",
  ]
  pruneopts = "UT"
  revision = "cbde00b44273a584bed2ee3513db68924b4a6dba"

[[projects]]
  digest = "1:a72c3ff27e3b787e4cddee63e91f62478be0b6a5e9519e6d17a4a76389eb763e"
  name = "github.com/dsnet/compress"
  packages = [
    ".",
    "bzip2",
    "bzip2/internal/sais",
    "internal",
    "internal/errors",
    "internal/prefix",
  ]
  pruneopts = "UT"
  revision = "f41072d47fff1112fa37146dfc812a476cce2d7f"

[[projects]]
  branch = "master"
  digest = "1:ee7fe6a68ba9f21bc748293d4e1e66ad327f64a89b0f5ba2d021430babd4b8c9"
  name = "github.com/dustin/go-humanize"
  packages = ["."]
  pruneopts = "UT"
  revision = "bb3d318650d48840a39aa21a027c6630e198e626"

[[projects]]
  digest = "1:6e3284ba4b7eb26e3a88ee5f39ce6e5dc6793fde50812cb00e79524e10e54dd6"
  name = "github.com/echlebek/crock"
  packages = ["."]
  pruneopts = "UT"
  revision = "053fea6ef7dbceae5833b029801e833a89e56e1c"
  version = "v1.0.1"

[[projects]]
  digest = "1:9d5bd7c02a73959247ccbf524180e363631ece23c58e12b21d697f4741c7926f"
  name = "github.com/echlebek/timeproxy"
  packages = ["."]
  pruneopts = "UT"
  revision = "d7c2918981322d4d437f7a52f3a15c7ec5a4f488"
  version = "v1.0.0"

[[projects]]
  digest = "1:46831ac031ae286b36baca94e71eb83e0493ebae1dbcd04fea42fa4f503970c3"
  name = "github.com/emicklei/proto"
  packages = ["."]
  pruneopts = "UT"
  revision = "b4ebbecd83695353b1696903e91bd67382d21823"
  version = "v1.1.0"

[[projects]]
  digest = "1:ffb471a599e572700e9b7ee4b1d4869382d00f9268e84938c92b01a4d5941d23"
  name = "github.com/fsnotify/fsnotify"
  packages = ["."]
  pruneopts = "UT"
  revision = "629574ca2a5df945712d3079857300b5e4da0236"
  version = "v1.4.2"

[[projects]]
  digest = "1:2cd7915ab26ede7d95b8749e6b1f933f1c6d5398030684e6505940a10f31cfda"
  name = "github.com/ghodss/yaml"
  packages = ["."]
  pruneopts = "UT"
  revision = "0ca9ea5df5451ffdf184b4428c902747c2c11cd7"
  version = "v1.0.0"

[[projects]]
  digest = "1:1ae488e919756729db69becc130be75a4820dfdd0775e430a85f726a84ce14ab"
  name = "github.com/go-ole/go-ole"
  packages = [
    ".",
    "oleutil",
  ]
  pruneopts = "UT"
  revision = "de8695c8edbf8236f30d6e1376e20b198a028d42"

[[projects]]
  digest = "1:3a000b3680bc855754c9e9a10158315aff3a0c2a463a8987bc5ae221bc7c6318"
  name = "github.com/go-resty/resty"
  packages = ["."]
  pruneopts = "UT"
  revision = "9ac9c42358f7c3c69ac9f8610e8790d7c338e85d"
  version = "v1.0"

[[projects]]
  digest = "1:da39f4a22829ca95e63566208e0ea42d6f055f41dff1b14fdab88d88f62df653"
  name = "github.com/gogo/protobuf"
  packages = [
    "gogoproto",
    "jsonpb",
    "proto",
    "protoc-gen-gogo/descriptor",
    "sortkeys",
    "types",
  ]
  pruneopts = "T"
  revision = "636bf0302bc95575d69441b25a2603156ffdddf1"
  version = "v1.1.1"

[[projects]]
  digest = "1:832e17df5ff8bbe0e0693d2fb46c5e53f96c662ee804049ce3ab6557df74e3ab"
  name = "github.com/golang/protobuf"
  packages = [
    "jsonpb",
    "proto",
    "ptypes",
    "ptypes/any",
    "ptypes/duration",
    "ptypes/struct",
    "ptypes/timestamp",
  ]
  pruneopts = "T"
  revision = "b4deda0973fb4c70b50d226b1af49f3da59f5265"
  version = "v1.1.0"

[[projects]]
  branch = "master"
  digest = "1:4a0c6bb4805508a6287675fac876be2ac1182539ca8a32468d8128882e9d5009"
  name = "github.com/golang/snappy"
  packages = ["."]
  pruneopts = "UT"
  revision = "2e65f85255dbc3072edf28d6b5b8efc472979f5a"

[[projects]]
  branch = "master"
  digest = "1:5c9ee5d71eb6d4422377cd7d1db03c80d9858bf19ae0c91a53034157e7f2ca51"
  name = "github.com/google/btree"
  packages = ["."]
  pruneopts = "UT"
  revision = "316fb6d3f031ae8f4d457c6c5186b9e3ded70435"

[[projects]]
  digest = "1:8f8811f9be822914c3a25c6a071e93beb4c805d7b026cbf298bc577bc1cc945b"
  name = "github.com/google/uuid"
  packages = ["."]
  pruneopts = "UT"
  revision = "064e2069ce9c359c118179501254f67d7d37ba24"
  version = "0.2"

[[projects]]
  digest = "1:160eabf7a69910fd74f29c692718bc2437c1c1c7d4c9dea9712357752a70e5df"
  name = "github.com/gorilla/context"
  packages = ["."]
  pruneopts = "UT"
  revision = "1ea25387ff6f684839d82767c1733ff4d4d15d0a"
  version = "v1.1"

[[projects]]
  digest = "1:d2778c2263cff347923aed45ec8541f7795eb6230dfa54f58ffe505d79299e1d"
  name = "github.com/gorilla/mux"
  packages = ["."]
  pruneopts = "UT"
  revision = "24fca303ac6da784b9e8269f724ddeb0b2eea5e7"
  version = "v1.6.1"

[[projects]]
  digest = "1:43dd08a10854b2056e615d1b1d22ac94559d822e1f8b6fcc92c1a1057e85188e"
  name = "github.com/gorilla/websocket"
  packages = ["."]
  pruneopts = "UT"
  revision = "ea4d1f681babbce9545c9c5f3d5194a789c89f5b"
  version = "v1.2.0"

[[projects]]
  branch = "master"
  digest = "1:c17385a7e543b99c90231882a4a4ce20d07832ee03ab59fdd06ff2ab72ff878c"
  name = "github.com/graphql-go/graphql"
  packages = [
    ".",
    "gqlerrors",
    "language/ast",
    "language/kinds",
    "language/lexer",
    "language/location",
    "language/parser",
    "language/printer",
    "language/source",
    "language/typeInfo",
    "language/visitor",
    "testutil",
  ]
  pruneopts = "UT"
  revision = "1c504cfe6f6391d1ed5bc24b6c926965baf6015d"

[[projects]]
  digest = "1:18d7ca9d0ea92fbf087e15cfd90b2c3fb391e9a46181fd421f99c48c8885bab7"
  name = "github.com/grpc-ecosystem/go-grpc-prometheus"
  packages = ["."]
  pruneopts = "UT"
  revision = "6b7015e65d366bf3f19b2b2a000a831940f0f7e0"
  version = "v1.1"

[[projects]]
  digest = "1:81e4a1fb1a9bbcdc5916537b084b6d8410f737ff7f375693d0d6d1942b580e43"
  name = "github.com/grpc-ecosystem/grpc-gateway"
  packages = [
    "runtime",
    "runtime/internal",
    "utilities",
  ]
  pruneopts = "UT"
  revision = "8cc3a55af3bcf171a1c23a90c4df9cf591706104"

[[projects]]
  branch = "master"
  digest = "1:31e6ca5d3801cd74e569cb9597d5a0b06d862307ffb045e581b44fe4a316ea09"
  name = "github.com/gxed/GoEndian"
  packages = ["."]
  pruneopts = "UT"
  revision = "0f5c6873267e5abf306ffcdfcfa4bf77517ef4a7"

[[projects]]
  branch = "master"
  digest = "1:dc57a2580e33eae03691c9ede0b30cf1dc622ff471fc6a36388879ded5702d02"
  name = "github.com/gxed/eventfd"
  packages = ["."]
  pruneopts = "UT"
  revision = "80a92cca79a8041496ccc9dd773fcb52a57ec6f9"

[[projects]]
  branch = "master"
  digest = "1:b6708572c17a0220ebfcb9a474b37eb7de331a965755ef4bbfaafb49b9c89ed0"
  name = "github.com/hashicorp/hcl"
  packages = [
    ".",
    "hcl/ast",
    "hcl/parser",
    "hcl/scanner",
    "hcl/strconv",
    "hcl/token",
    "json/parser",
    "json/scanner",
    "json/token",
  ]
  pruneopts = "UT"
  revision = "68e816d1c783414e79bc65b3994d9ab6b0a722ab"

[[projects]]
  digest = "1:870d441fe217b8e689d7949fef6e43efbc787e50f200cb1e70dbca9204a1d6be"
  name = "github.com/inconshreveable/mousetrap"
  packages = ["."]
  pruneopts = "UT"
  revision = "76626ae9c91c4f2a10f34cad8ce83ea42c93bb75"
  version = "v1.0"

[[projects]]
  branch = "master"
  digest = "1:29bace731ce8c3b61ecf919a7ec798e41112fb3b48557d4f73d55ea231abeca1"
  name = "github.com/ipfs/go-log"
  packages = ["."]
  pruneopts = "UT"
  revision = "7ecd3df29a4a648fd3ecd1e78d19d1bfcaacee0f"

[[projects]]
  branch = "master"
  digest = "1:f90adf17446108620731b2940436e14cf210871b99071d76257df46f19d43cdc"
  name = "github.com/jbenet/go-reuseport"
  packages = ["."]
  pruneopts = "UT"
  revision = "15a1cd37f0502f3b2eccb6d71a7958edda314633"

[[projects]]
  digest = "1:75ab90ae3f5d876167e60f493beadfe66f0ed861a710f283fb06c86437a09538"
  name = "github.com/jonboulle/clockwork"
  packages = ["."]
  pruneopts = "UT"
  revision = "2eee05ed794112d45db504eb05aa693efd2b8b09"
  version = "v0.1.0"

[[projects]]
  digest = "1:1ed5ad32e321bd35d51e30dbbccab9d226ac290347838d03362b427459036a91"
  name = "github.com/json-iterator/go"
  packages = ["."]
  pruneopts = "UT"
  revision = "f7279a603edee96fe7764d3de9c6ff8cf9970994"

[[projects]]
  branch = "master"
  digest = "1:fcde2419555e7cf8638284a52a2fc0fdb1c2e55d7a074058421f218649b68d83"
  name = "github.com/libp2p/go-reuseport"
  packages = [
    "poll",
    "singlepoll",
  ]
  pruneopts = "UT"
  revision = "15a1cd37f0502f3b2eccb6d71a7958edda314633"

[[projects]]
  branch = "master"
  digest = "1:96eca00555fddc36f6d1dc6d5d47435005bf8a950e700afcd76508bde723bc0e"
  name = "github.com/libp2p/go-sockaddr"
  packages = ["net"]
  pruneopts = "UT"
  revision = "f3e9f73a53d14d8257cb9da3d83dda07bbd8b2fe"

[[projects]]
  digest = "1:38c6c0068711ac95a80ba4d5d8cf86b5b066cc6d74ddd1e007d4d3eb45751894"
  name = "github.com/magiconair/properties"
  packages = ["."]
  pruneopts = "UT"
  revision = "be5ece7dd465ab0765a9682137865547526d1dfb"
  version = "v1.7.3"

[[projects]]
  digest = "1:c658e84ad3916da105a761660dcaeb01e63416c8ec7bc62256a9b411a05fcd67"
  name = "github.com/mattn/go-colorable"
  packages = ["."]
  pruneopts = "UT"
  revision = "167de6bfdfba052fa6b2d3664c8f5272e23c9072"
  version = "v0.0.9"

[[projects]]
  digest = "1:fa610f9fe6a93f4a75e64c83673dfff9bf1a34bbb21e6102021b6bc7850834a3"
  name = "github.com/mattn/go-isatty"
  packages = ["."]
  pruneopts = "UT"
  revision = "fc9e8d8ef48496124e79ae0df75490096eccf6fe"
  version = "v0.0.2"

[[projects]]
  digest = "1:e2d1d410fb367567c2b53ed9e2d719d3c1f0891397bb2fa49afd747cfbf1e8e4"
  name = "github.com/mattn/go-runewidth"
  packages = ["."]
  pruneopts = "UT"
  revision = "9e777a8366cce605130a531d2cd6363d07ad7317"
  version = "v0.0.2"

[[projects]]
  digest = "1:5985ef4caf91ece5d54817c11ea25f182697534f8ae6521eadcd628c142ac4b6"
  name = "github.com/matttproud/golang_protobuf_extensions"
  packages = ["pbutil"]
  pruneopts = "UT"
  revision = "3247c84500bff8d9fb6d579d800f20b3e091582c"
  version = "v1.0.0"

[[projects]]
  branch = "master"
  digest = "1:2b32af4d2a529083275afc192d1067d8126b578c7a9613b26600e4df9c735155"
  name = "github.com/mgutz/ansi"
  packages = ["."]
  pruneopts = "UT"
  revision = "9520e82c474b0a04dd04f8a40959027271bab992"

[[projects]]
  digest = "1:4f17855b701d15f25e282fe70d432ecb023c9f115c79b211a06845e50dce7c48"
  name = "github.com/mholt/archiver"
  packages = ["."]
  pruneopts = "UT"
  revision = "85d3d0b511eae05958ddb34e9eac57d8ffea03bf"

[[projects]]
  branch = "master"
  digest = "1:12ae6210bdbdad658a9a67fd95cd9c99f7fdbf12f6d36eaf0af704e69dacf4f5"
  name = "github.com/mitchellh/go-homedir"
  packages = ["."]
  pruneopts = "UT"
  revision = "b8bc1bf767474819792c23f32d8286a45736f1c6"

[[projects]]
  branch = "master"
  digest = "1:3d64942cc75c655215a64496e35a2ca1a30ee0007cd24f41b57631486f3d083c"
  name = "github.com/mitchellh/mapstructure"
  packages = ["."]
  pruneopts = "UT"
  revision = "d0303fe809921458f417bcf828397a65db30a7e4"

[[projects]]
  branch = "master"
  digest = "1:aa661550b6c3acb268afa90706d7b96807b69e6bc0d01183648f8f473f1f243e"
  name = "github.com/nwaples/rardecode"
  packages = ["."]
  pruneopts = "UT"
  revision = "f22b7ef81a0afac9ce1447d37e5ab8e99fbd2f73"

[[projects]]
  digest = "1:4daa045e1e1f3e23f4b07db6880cdf9f259dab65312dfe244a878e6070faaf77"
  name = "github.com/olekukonko/tablewriter"
  packages = ["."]
  pruneopts = "UT"
  revision = "d4647c9c7a84d847478d890b816b7d8b62b0b279"

[[projects]]
  digest = "1:450b7623b185031f3a456801155c8320209f75d0d4c4e633c6b1e59d44d6e392"
  name = "github.com/opentracing/opentracing-go"
  packages = [
    ".",
    "ext",
    "log",
  ]
  pruneopts = "UT"
  revision = "1949ddbfd147afd4d964a9f00b24eb291e0e7c38"
  version = "v1.0.2"

[[projects]]
  digest = "1:b2ee62e09bec113cf086d2ce0769efcc7bf79481aba8373fd8f7884e94df3462"
  name = "github.com/pelletier/go-buffruneio"
  packages = ["."]
  pruneopts = "UT"
  revision = "c37440a7cf42ac63b919c752ca73a85067e05992"
  version = "v0.2.0"

[[projects]]
  digest = "1:e27da28550455cdbd8af6c6a58f91f39b8d44c6cda0f1a4b33348887c0db74fd"
  name = "github.com/pelletier/go-toml"
  packages = ["."]
  pruneopts = "UT"
  revision = "5ccdfb18c776b740aecaf085c4d9a2779199c279"
  version = "v1.0.0"

[[projects]]
  branch = "master"
  digest = "1:3bf17a6e6eaa6ad24152148a631d18662f7212e21637c2699bff3369b7f00fa2"
  name = "github.com/petar/GoLLRB"
  packages = ["llrb"]
  pruneopts = "UT"
  revision = "53be0d36a84c2a886ca057d34b6aa4468df9ccb4"

[[projects]]
  digest = "1:34833843589f17bb48234a8cdd36b1038aed85a09d60e30fc73891b7d89b6c1d"
  name = "github.com/pierrec/lz4"
  packages = ["."]
  pruneopts = "UT"
  revision = "2fcda4cb7018ce05a25959d2fe08c83e3329f169"
  version = "v1.1"

[[projects]]
  digest = "1:186e021e0c2fa61e181151d8b2fef4d2b6b217a55794bd591de73773b934a32a"
  name = "github.com/pierrec/xxHash"
  packages = ["xxHash32"]
  pruneopts = "UT"
  revision = "f051bb7f1d1aaf1b5a665d74fb6b0217712c69f7"
  version = "v0.1.1"

[[projects]]
  digest = "1:0028cb19b2e4c3112225cd871870f2d9cf49b9b4276531f03438a88e94be86fe"
  name = "github.com/pmezard/go-difflib"
  packages = ["difflib"]
  pruneopts = "UT"
  revision = "792786c7400a136282c1664665ae0a8db921c6c2"
  version = "v1.0.0"

[[projects]]
  digest = "1:d14a5f4bfecf017cb780bdde1b6483e5deb87e12c332544d2c430eda58734bcb"
  name = "github.com/prometheus/client_golang"
  packages = [
    "prometheus",
    "prometheus/promhttp",
  ]
  pruneopts = "UT"
  revision = "c5b7fccd204277076155f10851dad72b76a49317"
  version = "v0.8.0"

[[projects]]
  branch = "master"
  digest = "1:32d10bdfa8f09ecf13598324dba86ab891f11db3c538b6a34d1c3b5b99d7c36b"
  name = "github.com/prometheus/client_model"
  packages = ["go"]
  pruneopts = "UT"
  revision = "6f3806018612930941127f2a7c6c453ba2c527d2"

[[projects]]
  branch = "master"
  digest = "1:79ac6d18d6b7eabed09995d83689c2c1d3c09dfdd892ddf3d2202765bef23582"
  name = "github.com/prometheus/common"
  packages = [
    "expfmt",
    "internal/bitbucket.org/ww/goautoneg",
    "model",
  ]
  pruneopts = "UT"
  revision = "2f17f4a9d485bf34b4bfaccc273805040e4f86c8"

[[projects]]
  branch = "master"
  digest = "1:e3f36c748588410d67b7bb3fb442c339ee0c297100425b9040ed6bf3074978f6"
  name = "github.com/prometheus/procfs"
  packages = [
    ".",
    "xfs",
  ]
  pruneopts = "UT"
  revision = "e645f4e5aaa8506fc71d6edbc5c4ff02c04c46f2"

[[projects]]
  branch = "master"
  digest = "1:dbfe572cc258e5bcf54cb650a06d90edd0da04e42ca1ed909cc1d49f00011c63"
  name = "github.com/robertkrimen/otto"
  packages = [
    ".",
    "ast",
    "dbg",
    "file",
    "parser",
    "registry",
    "token",
  ]
  pruneopts = "UT"
  revision = "15f95af6e78dcd2030d8195a138bd88d4f403546"

[[projects]]
  digest = "1:bffc9efe1d7783f54cb0003b57cb3c8fe49f56beb9859cf122be97504e854666"
  name = "github.com/robfig/cron"
  packages = ["."]
  pruneopts = "UT"
  revision = "2315d5715e36303a941d907f038da7f7c44c773b"

[[projects]]
  digest = "1:4d2e5a73dc1500038e504a8d78b986630e3626dc027bc030ba5c75da257cdb96"
  name = "github.com/sensu/yaml"
  packages = ["."]
  pruneopts = "UT"
  revision = "704b36ea12f40d32ffe6bd109c2ddc894af28dde"

[[projects]]
  digest = "1:267c6a4d9d69c5d14f4f233d364a59eaea299ea17b29dfe9be07ce5226c19899"
  name = "github.com/shirou/gopsutil"
  packages = [
    "cpu",
    "host",
    "internal/common",
    "mem",
    "net",
    "process",
  ]
  pruneopts = "T"
  revision = "8048a2e9c5773235122027dd585cf821b2af1249"
  version = "v2.18.07"

[[projects]]
  branch = "master"
  digest = "1:99c6a6dab47067c9b898e8c8b13d130c6ab4ffbcc4b7cc6236c2cd0b1e344f5b"
  name = "github.com/shirou/w32"
  packages = ["."]
  pruneopts = "UT"
  revision = "bb4de0191aa41b5507caa14b0650cdbddcd9280b"

[[projects]]
  branch = "master"
  digest = "1:7ca2584fa7da0520cd2d1136a10194fe5a5b220bdb215074ab6f7b5ad91115f4"
  name = "github.com/shurcooL/httpfs"
  packages = ["vfsutil"]
  pruneopts = "UT"
  revision = "809beceb23714880abc4a382a00c05f89d13b1cc"

[[projects]]
  branch = "master"
  digest = "1:a3f0c6930421c8a4c02aaf2a00c5e7b808204b15a47b1d8c285c1e9cbda886b5"
  name = "github.com/shurcooL/vfsgen"
  packages = ["."]
  pruneopts = "UT"
  revision = "ffb13db8def02f545acc58bd288ec6057c2bbfb9"

[[projects]]
  digest = "1:9e9193aa51197513b3abcb108970d831fbcf40ef96aa845c4f03276e1fa316d2"
  name = "github.com/sirupsen/logrus"
  packages = ["."]
  pruneopts = "UT"
  revision = "c155da19408a8799da419ed3eeb0cb5db0ad5dbc"
  version = "v1.0.5"

[[projects]]
  digest = "1:588973b21bdc46f8b9f94479026e3d6ea3836d48476fab8e6ed43b0204dc71f3"
  name = "github.com/soheilhy/cmux"
  packages = ["."]
  pruneopts = "UT"
  revision = "bb79a83465015a27a175925ebd155e660f55e9f1"
  version = "v0.1.3"

[[projects]]
  branch = "master"
  digest = "1:474cab1b14a2905f3110e3953c45d1974998ed8cdb3ccce0ddd6609f85b21f5b"
  name = "github.com/spf13/afero"
  packages = [
    ".",
    "mem",
  ]
  pruneopts = "UT"
  revision = "ee1bd8ee15a1306d1f9201acc41ef39cd9f99a1b"

[[projects]]
  digest = "1:9b28ee2984c69d78afe2ce52b1650ba91a6381f355ff08c1d0e53d9e66bd62fe"
  name = "github.com/spf13/cast"
  packages = ["."]
  pruneopts = "UT"
  revision = "acbeb36b902d72a7a4c18e8f3241075e7ab763e4"
  version = "v1.1.0"

[[projects]]
  digest = "1:802c33afd41312789a64e248bc0f13c9eafebe890803c1be66984513fc7055ca"
  name = "github.com/spf13/cobra"
  packages = ["."]
  pruneopts = "UT"
  revision = "fd32f09af19efc9b1279c54e0d8ed23f66232a15"

[[projects]]
  branch = "master"
  digest = "1:9f28b7e326b8cd1db556678b7ce679cf9bf888647e40922f91d9d40f451f942b"
  name = "github.com/spf13/jwalterweatherman"
  packages = ["."]
  pruneopts = "UT"
  revision = "12bd96e66386c1960ab0f74ced1362f66f552f7b"

[[projects]]
  digest = "1:c1b1102241e7f645bc8e0c22ae352e8f0dc6484b6cb4d132fa9f24174e0119e2"
  name = "github.com/spf13/pflag"
  packages = ["."]
  pruneopts = "UT"
  revision = "298182f68c66c05229eb03ac171abe6e309ee79a"
  version = "v1.0.3"

[[projects]]
  digest = "1:f8e1a678a2571e265f4bf91a3e5e32aa6b1474a55cb0ea849750cc177b664d96"
  name = "github.com/spf13/viper"
  packages = ["."]
  pruneopts = "UT"
  revision = "25b30aa063fc18e48662b86996252eabdcf2f0c7"
  version = "v1.0.0"

[[projects]]
  digest = "1:ac83cf90d08b63ad5f7e020ef480d319ae890c208f8524622a2f3136e2686b02"
  name = "github.com/stretchr/objx"
  packages = ["."]
  pruneopts = "UT"
  revision = "477a77ecc69700c7cdeb1fa9e129548e1c1c393c"
  version = "v0.1.1"

[[projects]]
  digest = "1:cf4fdb98e23a565bd82473027d37512a3d5b186fba3a1895d7e8401d8ce3ffe1"
  name = "github.com/stretchr/testify"
  packages = [
    "assert",
    "mock",
    "require",
  ]
  pruneopts = "UT"
  revision = "f35b8ab0b5a2cef36673838d662e249dd9c94686"
  version = "v1.2.2"

[[projects]]
  branch = "master"
  digest = "1:9fbba9f266710aae2dfe8bcdb24703b25ada0512623cabc96efb99bc7d579aef"
  name = "github.com/tmc/grpc-websocket-proxy"
  packages = ["wsproxy"]
  pruneopts = "UT"
  revision = "830351dc03c6f07d625727d5f993a463babb20e1"

[[projects]]
  branch = "master"
  digest = "1:a8c1772186acf021f0a392a3c6a151604ba32b35f939bc1b4b653a447e7e4e0d"
  name = "github.com/ugorji/go"
  packages = ["codec"]
  pruneopts = "UT"
  revision = "f0aa215a7d653544d39d0e27dfa10fa4b183f397"

[[projects]]
  digest = "1:4aeb3860275fa1fd60cccfb5a6ef85da438bf17402e1e84412ade4d4b55066a0"
  name = "github.com/ulikunitz/xz"
  packages = [
    ".",
    "internal/hash",
    "internal/xlog",
    "lzma",
  ]
  pruneopts = "UT"
  revision = "0c6b41e72360850ca4f98dc341fd999726ea007f"
  version = "v0.5.4"

[[projects]]
  branch = "master"
  digest = "1:0102dfa2f98777db8ff68c920bef1be3ff8504e90485b6cdd24d61b981b487b6"
  name = "github.com/whyrusleeping/go-logging"
  packages = ["."]
  pruneopts = "UT"
  revision = "0457bb6b88fc1973573aaf6b5145d8d3ae972390"

[[projects]]
  branch = "master"
  digest = "1:962b903f2fbf67017a3984467122ce61ac605b863bcbdc4399da80a7da720403"
  name = "github.com/willf/pad"
  packages = ["utf8"]
  pruneopts = "UT"
  revision = "b3d7806010228b1a954b4d9c4ee4cf6cb476b063"

[[projects]]
  digest = "1:6dff6d02950c110d7d61da0c200eaff9da9f312101291b2d8c07235954eaa19d"
  name = "github.com/xiang90/probing"
  packages = ["."]
  pruneopts = "UT"
  revision = "07dd2e8dfe18522e9c447ba95f2fe95262f63bb2"
  version = "0.0.1"

[[projects]]
  digest = "1:c28625428387b63dd7154eb857f51e700465cfbf7c06f619e71f2da33cefe47e"
  name = "go.etcd.io/bbolt"
  packages = ["."]
  pruneopts = "UT"
  revision = "583e8937c61f1af6513608ccc75c97b6abdf4ff9"
  version = "v1.3.0"

[[projects]]
  branch = "master"
  digest = "1:7d23b292d47779a336067fed1e72c12a92c1254c26ede2906ecb39a70472e7bd"
  name = "golang.org/x/crypto"
  packages = [
    "bcrypt",
    "blowfish",
    "ssh/terminal",
  ]
  pruneopts = "UT"
  revision = "7d9177d70076375b9a59c8fde23d52d9c4a7ecd5"

[[projects]]
  branch = "master"
  digest = "1:4cfe41b9b4e6f3d7641b4d07a15d5c79133645581c08ad12f4dc2f2a15e1b1b3"
  name = "golang.org/x/net"
  packages = [
    "bpf",
    "context",
    "http2",
    "http2/hpack",
    "idna",
    "internal/iana",
    "internal/socket",
    "internal/timeseries",
    "ipv6",
    "lex/httplex",
    "publicsuffix",
    "trace",
  ]
  pruneopts = "UT"
  revision = "b60f3a92103dfd93dfcb900ec77c6d0643510868"

[[projects]]
  branch = "master"
  digest = "1:67f1e72cf67ecae57ac09b1888b9095a3f02278d3c0129a638bc3d9f513e7eef"
  name = "golang.org/x/sys"
  packages = [
    "unix",
    "windows",
  ]
  pruneopts = "UT"
  revision = "b6e1ae21643682ce023deb8d152024597b0e9bb4"

[[projects]]
  branch = "master"
  digest = "1:634c43f26e26c322349fcc8b393c7f2e782fc1623a8e5aa5082772e31041cd44"
  name = "golang.org/x/text"
  packages = [
    "collate",
    "collate/build",
    "internal/colltab",
    "internal/gen",
    "internal/tag",
    "internal/triegen",
    "internal/ucd",
    "language",
    "secure/bidirule",
    "transform",
    "unicode/bidi",
    "unicode/cldr",
    "unicode/norm",
    "unicode/rangetable",
  ]
  pruneopts = "UT"
  revision = "1cbadb444a806fd9430d14ad08967ed91da4fa0a"

[[projects]]
  branch = "master"
  digest = "1:51a479a09b7ed06b7be5a854e27fcc328718ae0e5ad159f9ddeef12d0326c2e7"
  name = "golang.org/x/time"
  packages = ["rate"]
  pruneopts = "UT"
  revision = "6dc17368e09b0e8634d71cac8168d853e869a0c7"

[[projects]]
  branch = "master"
  digest = "1:cd018653a358d4b743a9d3bee89e825521f2ab2f2ec0770164bf7632d8d73ab7"
  name = "google.golang.org/genproto"
  packages = ["googleapis/rpc/status"]
  pruneopts = "UT"
  revision = "1e559d0a00eef8a9a43151db4665280bd8dd5886"

[[projects]]
  digest = "1:271761bd4d38761097ae76ef1edd4d635b5182b934c1de7e3a3219f09fff32f5"
  name = "google.golang.org/grpc"
  packages = [
    ".",
    "balancer",
    "codes",
    "connectivity",
    "credentials",
    "grpclb/grpc_lb_v1/messages",
    "grpclog",
    "health",
    "health/grpc_health_v1",
    "internal",
    "keepalive",
    "metadata",
    "naming",
    "peer",
    "resolver",
    "stats",
    "status",
    "tap",
    "transport",
  ]
  pruneopts = "UT"
  revision = "9a2334748bab9638f1480ad4f0ac6ac0c6c3a486"

[[projects]]
  digest = "1:daefe19254ef9f4955dc4b975f978e529d0099a83d24a1572673a5eac615bf09"
  name = "gopkg.in/AlecAivazis/survey.v1"
  packages = [
    "core",
    "terminal",
  ]
  pruneopts = "UT"
  revision = "344ec26ea976135df7508f1f513e5490a4686e11"
  version = "v1.4.0"

[[projects]]
  digest = "1:0eafa746ee41b4ad8a631b86dbbcd4bc02f7e7bfc32be4a3e503062c2f1b49a5"
  name = "gopkg.in/h2non/filetype.v1"
  packages = [
    ".",
    "matchers",
    "types",
  ]
  pruneopts = "UT"
  revision = "22e255079ab40241c671d457081831d972f0436b"
  version = "v1.0.3"

[[projects]]
  digest = "1:9935525a8c49b8434a0b0a54e1980e94a6fae73aaff45c5d33ba8dff69de123e"
  name = "gopkg.in/sourcemap.v1"
  packages = [
    ".",
    "base64vlq",
  ]
  pruneopts = "UT"
  revision = "6e83acea0053641eff084973fee085f0c193c61a"
  version = "v1.0.5"

[[projects]]
  digest = "1:342378ac4dcb378a5448dd723f0784ae519383532f5e70ade24132c4c8693202"
  name = "gopkg.in/yaml.v2"
  packages = ["."]
  pruneopts = "UT"
  revision = "5420a8b6744d3b0345ab293f6fcba19c978f1183"
  version = "v2.2.1"

[solve-meta]
  analyzer-name = "dep"
  analyzer-version = 1
  input-imports = [
    "github.com/AlecAivazis/survey",
    "github.com/NYTimes/gziphandler",
    "github.com/atlassian/gostatsd",
    "github.com/atlassian/gostatsd/pkg/statsd",
    "github.com/coreos/etcd/clientv3",
    "github.com/coreos/etcd/clientv3/concurrency",
    "github.com/coreos/etcd/embed",
    "github.com/coreos/etcd/etcdserver/api/v3rpc/rpctypes",
    "github.com/coreos/etcd/etcdserver/etcdserverpb",
    "github.com/coreos/etcd/mvcc/mvccpb",
    "github.com/coreos/etcd/pkg/fileutil",
    "github.com/coreos/etcd/pkg/transport",
    "github.com/coreos/etcd/store",
    "github.com/coreos/pkg/capnslog",
    "github.com/dave/jennifer/jen",
    "github.com/dgrijalva/jwt-go",
    "github.com/docker/docker/pkg/term",
    "github.com/echlebek/crock",
    "github.com/echlebek/timeproxy",
    "github.com/emicklei/proto",
    "github.com/ghodss/yaml",
    "github.com/go-resty/resty",
    "github.com/gogo/protobuf/gogoproto",
    "github.com/gogo/protobuf/jsonpb",
    "github.com/golang/protobuf/proto",
    "github.com/google/uuid",
    "github.com/gorilla/mux",
    "github.com/gorilla/websocket",
    "github.com/graphql-go/graphql",
    "github.com/graphql-go/graphql/gqlerrors",
    "github.com/graphql-go/graphql/language/ast",
    "github.com/graphql-go/graphql/language/location",
    "github.com/graphql-go/graphql/language/parser",
    "github.com/graphql-go/graphql/testutil",
    "github.com/json-iterator/go",
    "github.com/mgutz/ansi",
    "github.com/mholt/archiver",
    "github.com/mitchellh/go-homedir",
    "github.com/mitchellh/mapstructure",
    "github.com/olekukonko/tablewriter",
    "github.com/robertkrimen/otto",
    "github.com/robertkrimen/otto/parser",
    "github.com/robfig/cron",
    "github.com/sensu/yaml",
    "github.com/shirou/gopsutil/host",
    "github.com/shirou/gopsutil/net",
    "github.com/shirou/w32",
    "github.com/shurcooL/vfsgen",
    "github.com/sirupsen/logrus",
    "github.com/spf13/cobra",
    "github.com/spf13/pflag",
    "github.com/spf13/viper",
    "github.com/stretchr/testify/assert",
    "github.com/stretchr/testify/mock",
    "github.com/stretchr/testify/require",
    "github.com/willf/pad/utf8",
    "go.etcd.io/bbolt",
    "golang.org/x/crypto/bcrypt",
    "golang.org/x/net/context",
    "golang.org/x/time/rate",
    "google.golang.org/grpc",
    "google.golang.org/grpc/grpclog",
    "gopkg.in/h2non/filetype.v1",
    "gopkg.in/h2non/filetype.v1/types",
  ]
  solver-name = "gps-cdcl"
  solver-version = 1
